
Microsoft Visual Studio Solution File, Format Version 12.00
# Visual Studio Version 17
VisualStudioVersion = 17.3.32804.467
MinimumVisualStudioVersion = 10.0.40219.1
Project("{FAE04EC0-301F-11D3-BF4B-00C04F79EFBC}") = "AsyncFlowExample", "AsyncFlowExample.csproj", "{408F596D-CEFC-4BA3-B8B0-CC7715690FDC}"
EndProject
Global
	GlobalSection(SolutionConfigurationPlatforms) = preSolution
		Debug|Any CPU = Debug|Any CPU
		Release|Any CPU = Release|Any CPU
	EndGlobalSection
	GlobalSection(ProjectConfigurationPlatforms) = postSolution
		{408F596D-CEFC-4BA3-B8B0-CC7715690FDC}.Debug|Any CPU.ActiveCfg = Debug|Any CPU
		{408F596D-CEFC-4BA3-B8B0-CC7715690FDC}.Debug|Any CPU.Build.0 = Debug|Any CPU
		{408F596D-CEFC-4BA3-B8B0-CC7715690FDC}.Release|Any CPU.ActiveCfg = Release|Any CPU
		{408F596D-CEFC-4BA3-B8B0-CC7715690FDC}.Release|Any CPU.Build.0 = Release|Any CPU
	EndGlobalSection
	GlobalSection(SolutionProperties) = preSolution
		HideSolutionNode = FALSE
	EndGlobalSection
	GlobalSection(ExtensibilityGlobals) = postSolution
		SolutionGuid = {00811C76-A9D8-4BF0-B929-4499431920D4}
	EndGlobalSection
EndGlobal
