
Microsoft Visual Studio Solution File, Format Version 12.00
# Visual Studio Version 17
VisualStudioVersion = 17.3.32804.467
MinimumVisualStudioVersion = 10.0.40219.1
Project("{FAE04EC0-301F-11D3-BF4B-00C04F79EFBC}") = "UniversityAPIrestfull", "UniversityAPIrestfull\UniversityAPIrestfull.csproj", "{C2CCB854-C68C-4FF4-A917-42116229AF8D}"
EndProject
Global
	GlobalSection(SolutionConfigurationPlatforms) = preSolution
		Debug|Any CPU = Debug|Any CPU
		Release|Any CPU = Release|Any CPU
	EndGlobalSection
	GlobalSection(ProjectConfigurationPlatforms) = postSolution
		{C2CCB854-C68C-4FF4-A917-42116229AF8D}.Debug|Any CPU.ActiveCfg = Debug|Any CPU
		{C2CCB854-C68C-4FF4-A917-42116229AF8D}.Debug|Any CPU.Build.0 = Debug|Any CPU
		{C2CCB854-C68C-4FF4-A917-42116229AF8D}.Release|Any CPU.ActiveCfg = Release|Any CPU
		{C2CCB854-C68C-4FF4-A917-42116229AF8D}.Release|Any CPU.Build.0 = Release|Any CPU
	EndGlobalSection
	GlobalSection(SolutionProperties) = preSolution
		HideSolutionNode = FALSE
	EndGlobalSection
	GlobalSection(ExtensibilityGlobals) = postSolution
		SolutionGuid = {AFB7BD7E-025B-40C1-B12D-894930630D8E}
	EndGlobalSection
EndGlobal
